// !$*UTF8*$!
{
	archiveVersion = 1;
	classes = {
	};
	objectVersion = 50;
	objects = {

/* Begin PBXBuildFile section */
		18B551D323B5EBA800670AFF /* AppDelegate.swift in Sources */ = {isa = PBXBuildFile; fileRef = 18B551D223B5EBA800670AFF /* AppDelegate.swift */; };
		18B551D523B5EBA800670AFF /* ViewController.swift in Sources */ = {isa = PBXBuildFile; fileRef = 18B551D423B5EBA800670AFF /* ViewController.swift */; };
		18B551D823B5EBA800670AFF /* Main.storyboard in Resources */ = {isa = PBXBuildFile; fileRef = 18B551D623B5EBA800670AFF /* Main.storyboard */; };
		18B551DB23B5EBA800670AFF /* login.xcdatamodeld in Sources */ = {isa = PBXBuildFile; fileRef = 18B551D923B5EBA800670AFF /* login.xcdatamodeld */; };
		18B551DD23B5EBBA00670AFF /* Assets.xcassets in Resources */ = {isa = PBXBuildFile; fileRef = 18B551DC23B5EBBA00670AFF /* Assets.xcassets */; };
		18B551E023B5EBBA00670AFF /* LaunchScreen.storyboard in Resources */ = {isa = PBXBuildFile; fileRef = 18B551DE23B5EBBA00670AFF /* LaunchScreen.storyboard */; };
		18B551EB23B5EBBB00670AFF /* loginTests.swift in Sources */ = {isa = PBXBuildFile; fileRef = 18B551EA23B5EBBB00670AFF /* loginTests.swift */; };
		18B551F623B5EBBB00670AFF /* loginUITests.swift in Sources */ = {isa = PBXBuildFile; fileRef = 18B551F523B5EBBB00670AFF /* loginUITests.swift */; };
		18B5520423B5FA4F00670AFF /* RegisterViewController.swift in Sources */ = {isa = PBXBuildFile; fileRef = 18B5520323B5FA4F00670AFF /* RegisterViewController.swift */; };
		18B5520623B5FA7000670AFF /* loginViewController.swift in Sources */ = {isa = PBXBuildFile; fileRef = 18B5520523B5FA7000670AFF /* loginViewController.swift */; };
/* End PBXBuildFile section */

/* Begin PBXContainerItemProxy section */
		18B551E723B5EBBB00670AFF /* PBXContainerItemProxy */ = {
			isa = PBXContainerItemProxy;
			containerPortal = 18B551C723B5EBA800670AFF /* Project object */;
			proxyType = 1;
			remoteGlobalIDString = 18B551CE23B5EBA800670AFF;
			remoteInfo = login;
		};
		18B551F223B5EBBB00670AFF /* PBXContainerItemProxy */ = {
			isa = PBXContainerItemProxy;
			containerPortal = 18B551C723B5EBA800670AFF /* Project object */;
			proxyType = 1;
			remoteGlobalIDString = 18B551CE23B5EBA800670AFF;
			remoteInfo = login;
		};
/* End PBXContainerItemProxy section */

/* Begin PBXFileReference section */
		18B551CF23B5EBA800670AFF /* login.app */ = {isa = PBXFileReference; explicitFileType = wrapper.application; includeInIndex = 0; path = login.app; sourceTree = BUILT_PRODUCTS_DIR; };
		18B551D223B5EBA800670AFF /* AppDelegate.swift */ = {isa = PBXFileReference; lastKnownFileType = sourcecode.swift; path = AppDelegate.swift; sourceTree = "<group>"; };
		18B551D423B5EBA800670AFF /* ViewController.swift */ = {isa = PBXFileReference; lastKnownFileType = sourcecode.swift; path = ViewController.swift; sourceTree = "<group>"; };
		18B551D723B5EBA800670AFF /* Base */ = {isa = PBXFileReference; lastKnownFileType = file.storyboard; name = Base; path = Base.lproj/Main.storyboard; sourceTree = "<group>"; };
		18B551DA23B5EBA800670AFF /* login.xcdatamodel */ = {isa = PBXFileReference; lastKnownFileType = wrapper.xcdatamodel; path = login.xcdatamodel; sourceTree = "<group>"; };
		18B551DC23B5EBBA00670AFF /* Assets.xcassets */ = {isa = PBXFileReference; lastKnownFileType = folder.assetcatalog; path = Assets.xcassets; sourceTree = "<group>"; };
		18B551DF23B5EBBA00670AFF /* Base */ = {isa = PBXFileReference; lastKnownFileType = file.storyboard; name = Base; path = Base.lproj/LaunchScreen.storyboard; sourceTree = "<group>"; };
		18B551E123B5EBBA00670AFF /* Info.plist */ = {isa = PBXFileReference; lastKnownFileType = text.plist.xml; path = Info.plist; sourceTree = "<group>"; };
		18B551E623B5EBBB00670AFF /* loginTests.xctest */ = {isa = PBXFileReference; explicitFileType = wrapper.cfbundle; includeInIndex = 0; path = loginTests.xctest; sourceTree = BUILT_PRODUCTS_DIR; };
		18B551EA23B5EBBB00670AFF /* loginTests.swift */ = {isa = PBXFileReference; lastKnownFileType = sourcecode.swift; path = loginTests.swift; sourceTree = "<group>"; };
		18B551EC23B5EBBB00670AFF /* Info.plist */ = {isa = PBXFileReference; lastKnownFileType = text.plist.xml; path = Info.plist; sourceTree = "<group>"; };
		18B551F123B5EBBB00670AFF /* loginUITests.xctest */ = {isa = PBXFileReference; explicitFileType = wrapper.cfbundle; includeInIndex = 0; path = loginUITests.xctest; sourceTree = BUILT_PRODUCTS_DIR; };
		18B551F523B5EBBB00670AFF /* loginUITests.swift */ = {isa = PBXFileReference; lastKnownFileType = sourcecode.swift; path = loginUITests.swift; sourceTree = "<group>"; };
		18B551F723B5EBBB00670AFF /* Info.plist */ = {isa = PBXFileReference; lastKnownFileType = text.plist.xml; path = Info.plist; sourceTree = "<group>"; };
		18B5520323B5FA4F00670AFF /* RegisterViewController.swift */ = {isa = PBXFileReference; lastKnownFileType = sourcecode.swift; path = RegisterViewController.swift; sourceTree = "<group>"; };
		18B5520523B5FA7000670AFF /* loginViewController.swift */ = {isa = PBXFileReference; lastKnownFileType = sourcecode.swift; path = loginViewController.swift; sourceTree = "<group>"; };
/* End PBXFileReference section */

/* Begin PBXFrameworksBuildPhase section */
		18B551CC23B5EBA800670AFF /* Frameworks */ = {
			isa = PBXFrameworksBuildPhase;
			buildActionMask = 2147483647;
			files = (
			);
			runOnlyForDeploymentPostprocessing = 0;
		};
		18B551E323B5EBBB00670AFF /* Frameworks */ = {
			isa = PBXFrameworksBuildPhase;
			buildActionMask = 2147483647;
			files = (
			);
			runOnlyForDeploymentPostprocessing = 0;
		};
		18B551EE23B5EBBB00670AFF /* Frameworks */ = {
			isa = PBXFrameworksBuildPhase;
			buildActionMask = 2147483647;
			files = (
			);
			runOnlyForDeploymentPostprocessing = 0;
		};
/* End PBXFrameworksBuildPhase section */

/* Begin PBXGroup section */
		18B551C623B5EBA700670AFF = {
			isa = PBXGroup;
			children = (
				18B551D123B5EBA800670AFF /* login */,
				18B551E923B5EBBB00670AFF /* loginTests */,
				18B551F423B5EBBB00670AFF /* loginUITests */,
				18B551D023B5EBA800670AFF /* Products */,
			);
			sourceTree = "<group>";
		};
		18B551D023B5EBA800670AFF /* Products */ = {
			isa = PBXGroup;
			children = (
				18B551CF23B5EBA800670AFF /* login.app */,
				18B551E623B5EBBB00670AFF /* loginTests.xctest */,
				18B551F123B5EBBB00670AFF /* loginUITests.xctest */,
			);
			name = Products;
			sourceTree = "<group>";
		};
		18B551D123B5EBA800670AFF /* login */ = {
			isa = PBXGroup;
			children = (
				18B551D223B5EBA800670AFF /* AppDelegate.swift */,
				18B551D423B5EBA800670AFF /* ViewController.swift */,
				18B551D623B5EBA800670AFF /* Main.storyboard */,
				18B551DC23B5EBBA00670AFF /* Assets.xcassets */,
				18B551DE23B5EBBA00670AFF /* LaunchScreen.storyboard */,
				18B551E123B5EBBA00670AFF /* Info.plist */,
				18B551D923B5EBA800670AFF /* login.xcdatamodeld */,
				18B5520323B5FA4F00670AFF /* RegisterViewController.swift */,
				18B5520523B5FA7000670AFF /* loginViewController.swift */,
			);
			path = login;
			sourceTree = "<group>";
		};
		18B551E923B5EBBB00670AFF /* loginTests */ = {
			isa = PBXGroup;
			children = (
				18B551EA23B5EBBB00670AFF /* loginTests.swift */,
				18B551EC23B5EBBB00670AFF /* Info.plist */,
			);
			path = loginTests;
			sourceTree = "<group>";
		};
		18B551F423B5EBBB00670AFF /* loginUITests */ = {
			isa = PBXGroup;
			children = (
				18B551F523B5EBBB00670AFF /* loginUITests.swift */,
				18B551F723B5EBBB00670AFF /* Info.plist */,
			);
			path = loginUITests;
			sourceTree = "<group>";
		};
/* End PBXGroup section */

/* Begin PBXNativeTarget section */
		18B551CE23B5EBA800670AFF /* login */ = {
			isa = PBXNativeTarget;
			buildConfigurationList = 18B551FA23B5EBBB00670AFF /* Build configuration list for PBXNativeTarget "login" */;
			buildPhases = (
				18B551CB23B5EBA800670AFF /* Sources */,
				18B551CC23B5EBA800670AFF /* Frameworks */,
				18B551CD23B5EBA800670AFF /* Resources */,
			);
			buildRules = (
			);
			dependencies = (
			);
			name = login;
			productName = login;
			productReference = 18B551CF23B5EBA800670AFF /* login.app */;
			productType = "com.apple.product-type.application";
		};
		18B551E523B5EBBB00670AFF /* loginTests */ = {
			isa = PBXNativeTarget;
			buildConfigurationList = 18B551FD23B5EBBB00670AFF /* Build configuration list for PBXNativeTarget "loginTests" */;
			buildPhases = (
				18B551E223B5EBBB00670AFF /* Sources */,
				18B551E323B5EBBB00670AFF /* Frameworks */,
				18B551E423B5EBBB00670AFF /* Resources */,
			);
			buildRules = (
			);
			dependencies = (
				18B551E823B5EBBB00670AFF /* PBXTargetDependency */,
			);
			name = loginTests;
			productName = loginTests;
			productReference = 18B551E623B5EBBB00670AFF /* loginTests.xctest */;
			productType = "com.apple.product-type.bundle.unit-test";
		};
		18B551F023B5EBBB00670AFF /* loginUITests */ = {
			isa = PBXNativeTarget;
			buildConfigurationList = 18B5520023B5EBBB00670AFF /* Build configuration list for PBXNativeTarget "loginUITests" */;
			buildPhases = (
				18B551ED23B5EBBB00670AFF /* Sources */,
				18B551EE23B5EBBB00670AFF /* Frameworks */,
				18B551EF23B5EBBB00670AFF /* Resources */,
			);
			buildRules = (
			);
			dependencies = (
				18B551F323B5EBBB00670AFF /* PBXTargetDependency */,
			);
			name = loginUITests;
			productName = loginUITests;
			productReference = 18B551F123B5EBBB00670AFF /* loginUITests.xctest */;
			productType = "com.apple.product-type.bundle.ui-testing";
		};
/* End PBXNativeTarget section */

/* Begin PBXProject section */
		18B551C723B5EBA800670AFF /* Project object */ = {
			isa = PBXProject;
			attributes = {
				LastSwiftUpdateCheck = 1030;
				LastUpgradeCheck = 1030;
				ORGANIZATIONNAME = Apple;
				TargetAttributes = {
					18B551CE23B5EBA800670AFF = {
						CreatedOnToolsVersion = 10.3;
					};
					18B551E523B5EBBB00670AFF = {
						CreatedOnToolsVersion = 10.3;
						TestTargetID = 18B551CE23B5EBA800670AFF;
					};
					18B551F023B5EBBB00670AFF = {
						CreatedOnToolsVersion = 10.3;
						TestTargetID = 18B551CE23B5EBA800670AFF;
					};
				};
			};
			buildConfigurationList = 18B551CA23B5EBA800670AFF /* Build configuration list for PBXProject "login" */;
			compatibilityVersion = "Xcode 9.3";
			developmentRegion = en;
			hasScannedForEncodings = 0;
			knownRegions = (
				en,
				Base,
			);
			mainGroup = 18B551C623B5EBA700670AFF;
			productRefGroup = 18B551D023B5EBA800670AFF /* Products */;
			projectDirPath = "";
			projectRoot = "";
			targets = (
				18B551CE23B5EBA800670AFF /* login */,
				18B551E523B5EBBB00670AFF /* loginTests */,
				18B551F023B5EBBB00670AFF /* loginUITests */,
			);
		};
/* End PBXProject section */

/* Begin PBXResourcesBuildPhase section */
		18B551CD23B5EBA800670AFF /* Resources */ = {
			isa = PBXResourcesBuildPhase;
			buildActionMask = 2147483647;
			files = (
				18B551E023B5EBBA00670AFF /* LaunchScreen.storyboard in Resources */,
				18B551DD23B5EBBA00670AFF /* Assets.xcassets in Resources */,
				18B551D823B5EBA800670AFF /* Main.storyboard in Resources */,
			);
			runOnlyForDeploymentPostprocessing = 0;
		};
		18B551E423B5EBBB00670AFF /* Resources */ = {
			isa = PBXResourcesBuildPhase;
			buildActionMask = 2147483647;
			files = (
			);
			runOnlyForDeploymentPostprocessing = 0;
		};
		18B551EF23B5EBBB00670AFF /* Resources */ = {
			isa = PBXResourcesBuildPhase;
			buildActionMask = 2147483647;
			files = (
			);
			runOnlyForDeploymentPostprocessing = 0;
		};
/* End PBXResourcesBuildPhase section */

/* Begin PBXSourcesBuildPhase section */
		18B551CB23B5EBA800670AFF /* Sources */ = {
			isa = PBXSourcesBuildPhase;
			buildActionMask = 2147483647;
			files = (
				18B551DB23B5EBA800670AFF /* login.xcdatamodeld in Sources */,
				18B551D523B5EBA800670AFF /* ViewController.swift in Sources */,
				18B551D323B5EBA800670AFF /* AppDelegate.swift in Sources */,
				18B5520423B5FA4F00670AFF /* RegisterViewController.swift in Sources */,
				18B5520623B5FA7000670AFF /* loginViewController.swift in Sources */,
			);
			runOnlyForDeploymentPostprocessing = 0;
		};
		18B551E223B5EBBB00670AFF /* Sources */ = {
			isa = PBXSourcesBuildPhase;
			buildActionMask = 2147483647;
			files = (
				18B551EB23B5EBBB00670AFF /* loginTests.swift in Sources */,
			);
			runOnlyForDeploymentPostprocessing = 0;
		};
		18B551ED23B5EBBB00670AFF /* Sources */ = {
			isa = PBXSourcesBuildPhase;
			buildActionMask = 2147483647;
			files = (
				18B551F623B5EBBB00670AFF /* loginUITests.swift in Sources */,
			);
			runOnlyForDeploymentPostprocessing = 0;
		};
/* End PBXSourcesBuildPhase section */

/* Begin PBXTargetDependency section */
		18B551E823B5EBBB00670AFF /* PBXTargetDependency */ = {
			isa = PBXTargetDependency;
			target = 18B551CE23B5EBA800670AFF /* login */;
			targetProxy = 18B551E723B5EBBB00670AFF /* PBXContainerItemProxy */;
		};
		18B551F323B5EBBB00670AFF /* PBXTargetDependency */ = {
			isa = PBXTargetDependency;
			target = 18B551CE23B5EBA800670AFF /* login */;
			targetProxy = 18B551F223B5EBBB00670AFF /* PBXContainerItemProxy */;
		};
/* End PBXTargetDependency section */

/* Begin PBXVariantGroup section */
		18B551D623B5EBA800670AFF /* Main.storyboard */ = {
			isa = PBXVariantGroup;
			children = (
				18B551D723B5EBA800670AFF /* Base */,
			);
			name = Main.storyboard;
			sourceTree = "<group>";
		};
		18B551DE23B5EBBA00670AFF /* LaunchScreen.storyboard */ = {
			isa = PBXVariantGroup;
			children = (
				18B551DF23B5EBBA00670AFF /* Base */,
			);
			name = LaunchScreen.storyboard;
			sourceTree = "<group>";
		};
/* End PBXVariantGroup section */

/* Begin XCBuildConfiguration section */
		18B551F823B5EBBB00670AFF /* Debug */ = {
			isa = XCBuildConfiguration;
			buildSettings = {
				ALWAYS_SEARCH_USER_PATHS = NO;
				CLANG_ANALYZER_NONNULL = YES;
				CLANG_ANALYZER_NUMBER_OBJECT_CONVERSION = YES_AGGRESSIVE;
				CLANG_CXX_LANGUAGE_STANDARD = "gnu++14";
				CLANG_CXX_LIBRARY = "libc++";
				CLANG_ENABLE_MODULES = YES;
				CLANG_ENABLE_OBJC_ARC = YES;
				CLANG_ENABLE_OBJC_WEAK = YES;
				CLANG_WARN_BLOCK_CAPTURE_AUTORELEASING = YES;
				CLANG_WARN_BOOL_CONVERSION = YES;
				CLANG_WARN_COMMA = YES;
				CLANG_WARN_CONSTANT_CONVERSION = YES;
				CLANG_WARN_DEPRECATED_OBJC_IMPLEMENTATIONS = YES;
				CLANG_WARN_DIRECT_OBJC_ISA_USAGE = YES_ERROR;
				CLANG_WARN_DOCUMENTATION_COMMENTS = YES;
				CLANG_WARN_EMPTY_BODY = YES;
				CLANG_WARN_ENUM_CONVERSION = YES;
				CLANG_WARN_INFINITE_RECURSION = YES;
				CLANG_WARN_INT_CONVERSION = YES;
				CLANG_WARN_NON_LITERAL_NULL_CONVERSION = YES;
				CLANG_WARN_OBJC_IMPLICIT_RETAIN_SELF = YES;
				CLANG_WARN_OBJC_LITERAL_CONVERSION = YES;
				CLANG_WARN_OBJC_ROOT_CLASS = YES_ERROR;
				CLANG_WARN_RANGE_LOOP_ANALYSIS = YES;
				CLANG_WARN_STRICT_PROTOTYPES = YES;
				CLANG_WARN_SUSPICIOUS_MOVE = YES;
				CLANG_WARN_UNGUARDED_AVAILABILITY = YES_AGGRESSIVE;
				CLANG_WARN_UNREACHABLE_CODE = YES;
				CLANG_WARN__DUPLICATE_METHOD_MATCH = YES;
				CODE_SIGN_IDENTITY = "iPhone Developer";
				COPY_PHASE_STRIP = NO;
				DEBUG_INFORMATION_FORMAT = dwarf;
				ENABLE_STRICT_OBJC_MSGSEND = YES;
				ENABLE_TESTABILITY = YES;
				GCC_C_LANGUAGE_STANDARD = gnu11;
				GCC_DYNAMIC_NO_PIC = NO;
				GCC_NO_COMMON_BLOCKS = YES;
				GCC_OPTIMIZATION_LEVEL = 0;
				GCC_PREPROCESSOR_DEFINITIONS = (
					"DEBUG=1",
					"$(inherited)",
				);
				GCC_WARN_64_TO_32_BIT_CONVERSION = YES;
				GCC_WARN_ABOUT_RETURN_TYPE = YES_ERROR;
				GCC_WARN_UNDECLARED_SELECTOR = YES;
				GCC_WARN_UNINITIALIZED_AUTOS = YES_AGGRESSIVE;
				GCC_WARN_UNUSED_FUNCTION = YES;
				GCC_WARN_UNUSED_VARIABLE = YES;
				IPHONEOS_DEPLOYMENT_TARGET = 12.4;
				MTL_ENABLE_DEBUG_INFO = INCLUDE_SOURCE;
				MTL_FAST_MATH = YES;
				ONLY_ACTIVE_ARCH = YES;
				SDKROOT = iphoneos;
				SWIFT_ACTIVE_COMPILATION_CONDITIONS = DEBUG;
				SWIFT_OPTIMIZATION_LEVEL = "-Onone";
			};
			name = Debug;
		};
		18B551F923B5EBBB00670AFF /* Release */ = {
			isa = XCBuildConfiguration;
			buildSettings = {
				ALWAYS_SEARCH_USER_PATHS = NO;
				CLANG_ANALYZER_NONNULL = YES;
				CLANG_ANALYZER_NUMBER_OBJECT_CONVERSION = YES_AGGRESSIVE;
				CLANG_CXX_LANGUAGE_STANDARD = "gnu++14";
				CLANG_CXX_LIBRARY = "libc++";
				CLANG_ENABLE_MODULES = YES;
				CLANG_ENABLE_OBJC_ARC = YES;
				CLANG_ENABLE_OBJC_WEAK = YES;
				CLANG_WARN_BLOCK_CAPTURE_AUTORELEASING = YES;
				CLANG_WARN_BOOL_CONVERSION = YES;
				CLANG_WARN_COMMA = YES;
				CLANG_WARN_CONSTANT_CONVERSION = YES;
				CLANG_WARN_DEPRECATED_OBJC_IMPLEMENTATIONS = YES;
				CLANG_WARN_DIRECT_OBJC_ISA_USAGE = YES_ERROR;
				CLANG_WARN_DOCUMENTATION_COMMENTS = YES;
				CLANG_WARN_EMPTY_BODY = YES;
				CLANG_WARN_ENUM_CONVERSION = YES;
				CLANG_WARN_INFINITE_RECURSION = YES;
				CLANG_WARN_INT_CONVERSION = YES;
				CLANG_WARN_NON_LITERAL_NULL_CONVERSION = YES;
				CLANG_WARN_OBJC_IMPLICIT_RETAIN_SELF = YES;
				CLANG_WARN_OBJC_LITERAL_CONVERSION = YES;
				CLANG_WARN_OBJC_ROOT_CLASS = YES_ERROR;
				CLANG_WARN_RANGE_LOOP_ANALYSIS = YES;
				CLANG_WARN_STRICT_PROTOTYPES = YES;
				CLANG_WARN_SUSPICIOUS_MOVE = YES;
				CLANG_WARN_UNGUARDED_AVAILABILITY = YES_AGGRESSIVE;
				CLANG_WARN_UNREACHABLE_CODE = YES;
				CLANG_WARN__DUPLICATE_METHOD_MATCH = YES;
				CODE_SIGN_IDENTITY = "iPhone Developer";
				COPY_PHASE_STRIP = NO;
				DEBUG_INFORMATION_FORMAT = "dwarf-with-dsym";
				ENABLE_NS_ASSERTIONS = NO;
				ENABLE_STRICT_OBJC_MSGSEND = YES;
				GCC_C_LANGUAGE_STANDARD = gnu11;
				GCC_NO_COMMON_BLOCKS = YES;
				GCC_WARN_64_TO_32_BIT_CONVERSION = YES;
				GCC_WARN_ABOUT_RETURN_TYPE = YES_ERROR;
				GCC_WARN_UNDECLARED_SELECTOR = YES;
				GCC_WARN_UNINITIALIZED_AUTOS = YES_AGGRESSIVE;
				GCC_WARN_UNUSED_FUNCTION = YES;
				GCC_WARN_UNUSED_VARIABLE = YES;
				IPHONEOS_DEPLOYMENT_TARGET = 12.4;
				MTL_ENABLE_DEBUG_INFO = NO;
				MTL_FAST_MATH = YES;
				SDKROOT = iphoneos;
				SWIFT_COMPILATION_MODE = wholemodule;
				SWIFT_OPTIMIZATION_LEVEL = "-O";
				VALIDATE_PRODUCT = YES;
			};
			name = Release;
		};
		18B551FB23B5EBBB00670AFF /* Debug */ = {
			isa = XCBuildConfiguration;
			buildSettings = {
				ASSETCATALOG_COMPILER_APPICON_NAME = AppIcon;
				CODE_SIGN_STYLE = Automatic;
				INFOPLIST_FILE = login/Info.plist;
				IPHONEOS_DEPLOYMENT_TARGET = 10.3;
				LD_RUNPATH_SEARCH_PATHS = (
					"$(inherited)",
					"@executable_path/Frameworks",
				);
				PRODUCT_BUNDLE_IDENTIFIER = "ravinder-reddy.login";
				PRODUCT_NAME = "$(TARGET_NAME)";
				SWIFT_VERSION = 5.0;
				TARGETED_DEVICE_FAMILY = "1,2";
			};
			name = Debug;
		};
		18B551FC23B5EBBB00670AFF /* Release */ = {
			isa = XCBuildConfiguration;
			buildSettings = {
				ASSETCATALOG_COMPILER_APPICON_NAME = AppIcon;
				CODE_SIGN_STYLE = Automatic;
				INFOPLIST_FILE = login/Info.plist;
				IPHONEOS_DEPLOYMENT_TARGET = 10.3;
				LD_RUNPATH_SEARCH_PATHS = (
					"$(inherited)",
					"@executable_path/Frameworks",
				);
				PRODUCT_BUNDLE_IDENTIFIER = "ravinder-reddy.login";
				PRODUCT_NAME = "$(TARGET_NAME)";
				SWIFT_VERSION = 5.0;
				TARGETED_DEVICE_FAMILY = "1,2";
			};
			name = Release;
		};
		18B551FE23B5EBBB00670AFF /* Debug */ = {
			isa = XCBuildConfiguration;
			buildSettings = {
				ALWAYS_EMBED_SWIFT_STANDARD_LIBRARIES = YES;
				BUNDLE_LOADER = "$(TEST_HOST)";
				CODE_SIGN_STYLE = Automatic;
				INFOPLIST_FILE = loginTests/Info.plist;
				LD_RUNPATH_SEARCH_PATHS = (
					"$(inherited)",
					"@executable_path/Frameworks",
					"@loader_path/Frameworks",
				);
				PRODUCT_BUNDLE_IDENTIFIER = "ravinder-reddy.loginTests";
				PRODUCT_NAME = "$(TARGET_NAME)";
				SWIFT_VERSION = 5.0;
				TARGETED_DEVICE_FAMILY = "1,2";
				TEST_HOST = "$(BUILT_PRODUCTS_DIR)/login.app/login";
			};
			name = Debug;
		};
		18B551FF23B5EBBB00670AFF /* Release */ = {
			isa = XCBuildConfiguration;
			buildSettings = {
				ALWAYS_EMBED_SWIFT_STANDARD_LIBRARIES = YES;
				BUNDLE_LOADER = "$(TEST_HOST)";
				CODE_SIGN_STYLE = Automatic;
				INFOPLIST_FILE = loginTests/Info.plist;
				LD_RUNPATH_SEARCH_PATHS = (
					"$(inherited)",
					"@executable_path/Frameworks",
					"@loader_path/Frameworks",
				);
				PRODUCT_BUNDLE_IDENTIFIER = "ravinder-reddy.loginTests";
				PRODUCT_NAME = "$(TARGET_NAME)";
				SWIFT_VERSION = 5.0;
				TARGETED_DEVICE_FAMILY = "1,2";
				TEST_HOST = "$(BUILT_PRODUCTS_DIR)/login.app/login";
			};
			name = Release;
		};
		18B5520123B5EBBB00670AFF /* Debug */ = {
			isa = XCBuildConfiguration;
			buildSettings = {
				ALWAYS_EMBED_SWIFT_STANDARD_LIBRARIES = YES;
				CODE_SIGN_STYLE = Automatic;
				INFOPLIST_FILE = loginUITests/Info.plist;
				LD_RUNPATH_SEARCH_PATHS = (
					"$(inherited)",
					"@executable_path/Frameworks",
					"@loader_path/Frameworks",
				);
				PRODUCT_BUNDLE_IDENTIFIER = "ravinder-reddy.loginUITests";
				PRODUCT_NAME = "$(TARGET_NAME)";
				SWIFT_VERSION = 5.0;
				TARGETED_DEVICE_FAMILY = "1,2";
				TEST_TARGET_NAME = login;
			};
			name = Debug;
		};
		18B5520223B5EBBB00670AFF /* Release */ = {
			isa = XCBuildConfiguration;
			buildSettings = {
				ALWAYS_EMBED_SWIFT_STANDARD_LIBRARIES = YES;
				CODE_SIGN_STYLE = Automatic;
				INFOPLIST_FILE = loginUITests/Info.plist;
				LD_RUNPATH_SEARCH_PATHS = (
					"$(inherited)",
					"@executable_path/Frameworks",
					"@loader_path/Frameworks",
				);
				PRODUCT_BUNDLE_IDENTIFIER = "ravinder-reddy.loginUITests";
				PRODUCT_NAME = "$(TARGET_NAME)";
				SWIFT_VERSION = 5.0;
				TARGETED_DEVICE_FAMILY = "1,2";
				TEST_TARGET_NAME = login;
			};
			name = Release;
		};
/* End XCBuildConfiguration section */

/* Begin XCConfigurationList section */
		18B551CA23B5EBA800670AFF /* Build configuration list for PBXProject "login" */ = {
			isa = XCConfigurationList;
			buildConfigurations = (
				18B551F823B5EBBB00670AFF /* Debug */,
				18B551F923B5EBBB00670AFF /* Release */,
			);
			defaultConfigurationIsVisible = 0;
			defaultConfigurationName = Release;
		};
		18B551FA23B5EBBB00670AFF /* Build configuration list for PBXNativeTarget "login" */ = {
			isa = XCConfigurationList;
			buildConfigurations = (
				18B551FB23B5EBBB00670AFF /* Debug */,
				18B551FC23B5EBBB00670AFF /* Release */,
			);
			defaultConfigurationIsVisible = 0;
			defaultConfigurationName = Release;
		};
		18B551FD23B5EBBB00670AFF /* Build configuration list for PBXNativeTarget "loginTests" */ = {
			isa = XCConfigurationList;
			buildConfigurations = (
				18B551FE23B5EBBB00670AFF /* Debug */,
				18B551FF23B5EBBB00670AFF /* Release */,
			);
			defaultConfigurationIsVisible = 0;
			defaultConfigurationName = Release;
		};
		18B5520023B5EBBB00670AFF /* Build configuration list for PBXNativeTarget "loginUITests" */ = {
			isa = XCConfigurationList;
			buildConfigurations = (
				18B5520123B5EBBB00670AFF /* Debug */,
				18B5520223B5EBBB00670AFF /* Release */,
			);
			defaultConfigurationIsVisible = 0;
			defaultConfigurationName = Release;
		};
/* End XCConfigurationList section */

/* Begin XCVersionGroup section */
		18B551D923B5EBA800670AFF /* login.xcdatamodeld */ = {
			isa = XCVersionGroup;
			children = (
				18B551DA23B5EBA800670AFF /* login.xcdatamodel */,
			);
			currentVersion = 18B551DA23B5EBA800670AFF /* login.xcdatamodel */;
			path = login.xcdatamodeld;
			sourceTree = "<group>";
			versionGroupType = wrapper.xcdatamodel;
		};
/* End XCVersionGroup section */
	};
	rootObject = 18B551C723B5EBA800670AFF /* Project object */;
}
